// !$*UTF8*$!
{
	archiveVersion = 1;
	classes = {
	};
	objectVersion = 56;
	objects = {

/* Begin PBXBuildFile section */
		EE0DC64C2CCADA58002C182F /* ProgressHUD in Frameworks */ = {isa = PBXBuildFile; productRef = EE0DC64B2CCADA58002C182F /* ProgressHUD */; };
		EE0DC64E2CD2B912002C182F /* UIBlockingProgressHUD.swift in Sources */ = {isa = PBXBuildFile; fileRef = EE0DC64D2CD2B912002C182F /* UIBlockingProgressHUD.swift */; };
		EE0DC6502CD2BBC3002C182F /* ProfileService.swift in Sources */ = {isa = PBXBuildFile; fileRef = EE0DC64F2CD2BBC3002C182F /* ProfileService.swift */; };
		EE0DC6522CD386A7002C182F /* ProfileImageService.swift in Sources */ = {isa = PBXBuildFile; fileRef = EE0DC6512CD386A7002C182F /* ProfileImageService.swift */; };
		EE2397F62C8DB184006FB3D6 /* ProfileViewController.swift in Sources */ = {isa = PBXBuildFile; fileRef = EE2397F52C8DB184006FB3D6 /* ProfileViewController.swift */; };
		EE2397F82C97671B006FB3D6 /* SingleImageViewController.swift in Sources */ = {isa = PBXBuildFile; fileRef = EE2397F72C97671B006FB3D6 /* SingleImageViewController.swift */; };
		EE6E3E5F2CDD38D3006EC892 /* AlertModel.swift in Sources */ = {isa = PBXBuildFile; fileRef = EE6E3E5E2CDD38D3006EC892 /* AlertModel.swift */; };
		EE6E3E612CDD3FF5006EC892 /* ProfileImage.swift in Sources */ = {isa = PBXBuildFile; fileRef = EE6E3E602CDD3FF5006EC892 /* ProfileImage.swift */; };
		EE6E3E632CDD401A006EC892 /* UserResult.swift in Sources */ = {isa = PBXBuildFile; fileRef = EE6E3E622CDD401A006EC892 /* UserResult.swift */; };
		EE6E3E652CDD4042006EC892 /* ProfileLinks.swift in Sources */ = {isa = PBXBuildFile; fileRef = EE6E3E642CDD4042006EC892 /* ProfileLinks.swift */; };
		EE6E3E672CDD4079006EC892 /* Profile.swift in Sources */ = {isa = PBXBuildFile; fileRef = EE6E3E662CDD4079006EC892 /* Profile.swift */; };
		EE6E3E692CDD409B006EC892 /* ProfileResult.swift in Sources */ = {isa = PBXBuildFile; fileRef = EE6E3E682CDD409B006EC892 /* ProfileResult.swift */; };
		EE6E3E6B2CDD40CE006EC892 /* WebViewViewControllerDelegate.swift in Sources */ = {isa = PBXBuildFile; fileRef = EE6E3E6A2CDD40CE006EC892 /* WebViewViewControllerDelegate.swift */; };
		EE6E3E6D2CDD40EE006EC892 /* AuthViewControllerDelegate.swift in Sources */ = {isa = PBXBuildFile; fileRef = EE6E3E6C2CDD40EE006EC892 /* AuthViewControllerDelegate.swift */; };
		EE9424242CD9266600D0BD60 /* AlertPresenter.swift in Sources */ = {isa = PBXBuildFile; fileRef = EE9424232CD9266600D0BD60 /* AlertPresenter.swift */; };
		EE9424272CD95CD200D0BD60 /* Kingfisher in Frameworks */ = {isa = PBXBuildFile; productRef = EE9424262CD95CD200D0BD60 /* Kingfisher */; };
		EE94242A2CD96CEF00D0BD60 /* SwiftKeychainWrapper in Frameworks */ = {isa = PBXBuildFile; productRef = EE9424292CD96CEF00D0BD60 /* SwiftKeychainWrapper */; };
		EE94242C2CD96EFC00D0BD60 /* TabBarController.swift in Sources */ = {isa = PBXBuildFile; fileRef = EE94242B2CD96EFC00D0BD60 /* TabBarController.swift */; };
		EE99CA1D2C8084B10018F7CC /* AppDelegate.swift in Sources */ = {isa = PBXBuildFile; fileRef = EE99CA1C2C8084B10018F7CC /* AppDelegate.swift */; };
		EE99CA1F2C8084B10018F7CC /* SceneDelegate.swift in Sources */ = {isa = PBXBuildFile; fileRef = EE99CA1E2C8084B10018F7CC /* SceneDelegate.swift */; };
		EE99CA212C8084B10018F7CC /* ImagesListViewController.swift in Sources */ = {isa = PBXBuildFile; fileRef = EE99CA202C8084B10018F7CC /* ImagesListViewController.swift */; };
		EE99CA242C8084B10018F7CC /* Base in Resources */ = {isa = PBXBuildFile; fileRef = EE99CA232C8084B10018F7CC /* Base */; };
		EE99CA262C8084B30018F7CC /* Assets.xcassets in Resources */ = {isa = PBXBuildFile; fileRef = EE99CA252C8084B30018F7CC /* Assets.xcassets */; };
		EE99CA292C8084B30018F7CC /* Base in Resources */ = {isa = PBXBuildFile; fileRef = EE99CA282C8084B30018F7CC /* Base */; };
		EE99CA552C85CF880018F7CC /* ImagesListCell.swift in Sources */ = {isa = PBXBuildFile; fileRef = EE99CA542C85CF880018F7CC /* ImagesListCell.swift */; };
		EEA5F37F2CB574C000793552 /* AuthViewController.swift in Sources */ = {isa = PBXBuildFile; fileRef = EEA5F37E2CB574C000793552 /* AuthViewController.swift */; };
		EEA5F3812CB5755D00793552 /* WebViewViewController.swift in Sources */ = {isa = PBXBuildFile; fileRef = EEA5F3802CB5755D00793552 /* WebViewViewController.swift */; };
		EEA5F3832CB7CBAC00793552 /* Constants.swift in Sources */ = {isa = PBXBuildFile; fileRef = EEA5F3822CB7CBAB00793552 /* Constants.swift */; };
		EEA5F3872CBA90E500793552 /* OAuth2Service.swift in Sources */ = {isa = PBXBuildFile; fileRef = EEA5F3862CBA90E500793552 /* OAuth2Service.swift */; };
		EEA5F38A2CBFBE4800793552 /* URLSession+data.swift in Sources */ = {isa = PBXBuildFile; fileRef = EEA5F3892CBFBE4800793552 /* URLSession+data.swift */; };
		EEA5F38C2CBFC68B00793552 /* OAuthTokenResponseBody.swift in Sources */ = {isa = PBXBuildFile; fileRef = EEA5F38B2CBFC68B00793552 /* OAuthTokenResponseBody.swift */; };
		EEA5F38E2CBFD24000793552 /* StorageService.swift in Sources */ = {isa = PBXBuildFile; fileRef = EEA5F38D2CBFD24000793552 /* StorageService.swift */; };
		EEA5F3902CC1027100793552 /* SplashViewController.swift in Sources */ = {isa = PBXBuildFile; fileRef = EEA5F38F2CC1027100793552 /* SplashViewController.swift */; };
		EEA6E7D72C8DA83600EFD1C6 /* PhotoModel.swift in Sources */ = {isa = PBXBuildFile; fileRef = EEA6E7D62C8DA83500EFD1C6 /* PhotoModel.swift */; };
/* End PBXBuildFile section */

/* Begin PBXFileReference section */
		EE0DC64D2CD2B912002C182F /* UIBlockingProgressHUD.swift */ = {isa = PBXFileReference; lastKnownFileType = sourcecode.swift; path = UIBlockingProgressHUD.swift; sourceTree = "<group>"; };
		EE0DC64F2CD2BBC3002C182F /* ProfileService.swift */ = {isa = PBXFileReference; lastKnownFileType = sourcecode.swift; path = ProfileService.swift; sourceTree = "<group>"; };
		EE0DC6512CD386A7002C182F /* ProfileImageService.swift */ = {isa = PBXFileReference; lastKnownFileType = sourcecode.swift; path = ProfileImageService.swift; sourceTree = "<group>"; };
		EE2397F52C8DB184006FB3D6 /* ProfileViewController.swift */ = {isa = PBXFileReference; lastKnownFileType = sourcecode.swift; path = ProfileViewController.swift; sourceTree = "<group>"; };
		EE2397F72C97671B006FB3D6 /* SingleImageViewController.swift */ = {isa = PBXFileReference; lastKnownFileType = sourcecode.swift; path = SingleImageViewController.swift; sourceTree = "<group>"; };
		EE6E3E5E2CDD38D3006EC892 /* AlertModel.swift */ = {isa = PBXFileReference; lastKnownFileType = sourcecode.swift; path = AlertModel.swift; sourceTree = "<group>"; };
		EE6E3E602CDD3FF5006EC892 /* ProfileImage.swift */ = {isa = PBXFileReference; lastKnownFileType = sourcecode.swift; path = ProfileImage.swift; sourceTree = "<group>"; };
		EE6E3E622CDD401A006EC892 /* UserResult.swift */ = {isa = PBXFileReference; lastKnownFileType = sourcecode.swift; path = UserResult.swift; sourceTree = "<group>"; };
		EE6E3E642CDD4042006EC892 /* ProfileLinks.swift */ = {isa = PBXFileReference; lastKnownFileType = sourcecode.swift; path = ProfileLinks.swift; sourceTree = "<group>"; };
		EE6E3E662CDD4079006EC892 /* Profile.swift */ = {isa = PBXFileReference; lastKnownFileType = sourcecode.swift; path = Profile.swift; sourceTree = "<group>"; };
		EE6E3E682CDD409B006EC892 /* ProfileResult.swift */ = {isa = PBXFileReference; lastKnownFileType = sourcecode.swift; path = ProfileResult.swift; sourceTree = "<group>"; };
		EE6E3E6A2CDD40CE006EC892 /* WebViewViewControllerDelegate.swift */ = {isa = PBXFileReference; lastKnownFileType = sourcecode.swift; path = WebViewViewControllerDelegate.swift; sourceTree = "<group>"; };
		EE6E3E6C2CDD40EE006EC892 /* AuthViewControllerDelegate.swift */ = {isa = PBXFileReference; lastKnownFileType = sourcecode.swift; path = AuthViewControllerDelegate.swift; sourceTree = "<group>"; };
		EE9424232CD9266600D0BD60 /* AlertPresenter.swift */ = {isa = PBXFileReference; lastKnownFileType = sourcecode.swift; path = AlertPresenter.swift; sourceTree = "<group>"; };
		EE94242B2CD96EFC00D0BD60 /* TabBarController.swift */ = {isa = PBXFileReference; lastKnownFileType = sourcecode.swift; path = TabBarController.swift; sourceTree = "<group>"; };
		EE99CA192C8084B10018F7CC /* ImageFeed.app */ = {isa = PBXFileReference; explicitFileType = wrapper.application; includeInIndex = 0; path = ImageFeed.app; sourceTree = BUILT_PRODUCTS_DIR; };
		EE99CA1C2C8084B10018F7CC /* AppDelegate.swift */ = {isa = PBXFileReference; lastKnownFileType = sourcecode.swift; path = AppDelegate.swift; sourceTree = "<group>"; };
		EE99CA1E2C8084B10018F7CC /* SceneDelegate.swift */ = {isa = PBXFileReference; lastKnownFileType = sourcecode.swift; path = SceneDelegate.swift; sourceTree = "<group>"; };
		EE99CA202C8084B10018F7CC /* ImagesListViewController.swift */ = {isa = PBXFileReference; lastKnownFileType = sourcecode.swift; path = ImagesListViewController.swift; sourceTree = "<group>"; };
		EE99CA232C8084B10018F7CC /* Base */ = {isa = PBXFileReference; lastKnownFileType = file.storyboard; name = Base; path = Base.lproj/Main.storyboard; sourceTree = "<group>"; };
		EE99CA252C8084B30018F7CC /* Assets.xcassets */ = {isa = PBXFileReference; lastKnownFileType = folder.assetcatalog; path = Assets.xcassets; sourceTree = "<group>"; };
		EE99CA282C8084B30018F7CC /* Base */ = {isa = PBXFileReference; lastKnownFileType = file.storyboard; name = Base; path = Base.lproj/LaunchScreen.storyboard; sourceTree = "<group>"; };
		EE99CA2A2C8084B30018F7CC /* Info.plist */ = {isa = PBXFileReference; lastKnownFileType = text.plist.xml; path = Info.plist; sourceTree = "<group>"; };
		EE99CA542C85CF880018F7CC /* ImagesListCell.swift */ = {isa = PBXFileReference; lastKnownFileType = sourcecode.swift; path = ImagesListCell.swift; sourceTree = "<group>"; };
		EEA5F37E2CB574C000793552 /* AuthViewController.swift */ = {isa = PBXFileReference; lastKnownFileType = sourcecode.swift; path = AuthViewController.swift; sourceTree = "<group>"; };
		EEA5F3802CB5755D00793552 /* WebViewViewController.swift */ = {isa = PBXFileReference; lastKnownFileType = sourcecode.swift; path = WebViewViewController.swift; sourceTree = "<group>"; };
		EEA5F3822CB7CBAB00793552 /* Constants.swift */ = {isa = PBXFileReference; lastKnownFileType = sourcecode.swift; path = Constants.swift; sourceTree = "<group>"; };
		EEA5F3862CBA90E500793552 /* OAuth2Service.swift */ = {isa = PBXFileReference; lastKnownFileType = sourcecode.swift; path = OAuth2Service.swift; sourceTree = "<group>"; };
		EEA5F3892CBFBE4800793552 /* URLSession+data.swift */ = {isa = PBXFileReference; lastKnownFileType = sourcecode.swift; path = "URLSession+data.swift"; sourceTree = "<group>"; };
		EEA5F38B2CBFC68B00793552 /* OAuthTokenResponseBody.swift */ = {isa = PBXFileReference; lastKnownFileType = sourcecode.swift; path = OAuthTokenResponseBody.swift; sourceTree = "<group>"; };
		EEA5F38D2CBFD24000793552 /* StorageService.swift */ = {isa = PBXFileReference; lastKnownFileType = sourcecode.swift; path = StorageService.swift; sourceTree = "<group>"; };
		EEA5F38F2CC1027100793552 /* SplashViewController.swift */ = {isa = PBXFileReference; lastKnownFileType = sourcecode.swift; path = SplashViewController.swift; sourceTree = "<group>"; };
		EEA6E7D62C8DA83500EFD1C6 /* PhotoModel.swift */ = {isa = PBXFileReference; lastKnownFileType = sourcecode.swift; path = PhotoModel.swift; sourceTree = "<group>"; };
/* End PBXFileReference section */

/* Begin PBXFrameworksBuildPhase section */
		EE99CA162C8084B10018F7CC /* Frameworks */ = {
			isa = PBXFrameworksBuildPhase;
			buildActionMask = 2147483647;
			files = (
				EE9424272CD95CD200D0BD60 /* Kingfisher in Frameworks */,
				EE0DC64C2CCADA58002C182F /* ProgressHUD in Frameworks */,
				EE94242A2CD96CEF00D0BD60 /* SwiftKeychainWrapper in Frameworks */,
			);
			runOnlyForDeploymentPostprocessing = 0;
		};
/* End PBXFrameworksBuildPhase section */

/* Begin PBXGroup section */
		EE99CA102C8084B10018F7CC = {
			isa = PBXGroup;
			children = (
				EE99CA1B2C8084B10018F7CC /* ImageFeed */,
				EE99CA1A2C8084B10018F7CC /* Products */,
			);
			sourceTree = "<group>";
		};
		EE99CA1A2C8084B10018F7CC /* Products */ = {
			isa = PBXGroup;
			children = (
				EE99CA192C8084B10018F7CC /* ImageFeed.app */,
			);
			name = Products;
			sourceTree = "<group>";
		};
		EE99CA1B2C8084B10018F7CC /* ImageFeed */ = {
			isa = PBXGroup;
			children = (
				EEA5F3882CBFBE3400793552 /* Helpers */,
				EEA5F37D2CB574AB00793552 /* Auth */,
				EE99CA1C2C8084B10018F7CC /* AppDelegate.swift */,
				EE99CA1E2C8084B10018F7CC /* SceneDelegate.swift */,
				EE99CA532C85CF5D0018F7CC /* Services */,
				EE99CA302C80B6160018F7CC /* Resources */,
				EE99CA312C80B62B0018F7CC /* Presentation */,
				EE99CA322C80B63F0018F7CC /* Models */,
			);
			path = ImageFeed;
			sourceTree = "<group>";
		};
		EE99CA302C80B6160018F7CC /* Resources */ = {
			isa = PBXGroup;
			children = (
				EE99CA2A2C8084B30018F7CC /* Info.plist */,
				EE99CA252C8084B30018F7CC /* Assets.xcassets */,
			);
			path = Resources;
			sourceTree = "<group>";
		};
		EE99CA312C80B62B0018F7CC /* Presentation */ = {
			isa = PBXGroup;
			children = (
				EE99CA202C8084B10018F7CC /* ImagesListViewController.swift */,
				EE2397F52C8DB184006FB3D6 /* ProfileViewController.swift */,
				EE2397F72C97671B006FB3D6 /* SingleImageViewController.swift */,
				EEA5F38F2CC1027100793552 /* SplashViewController.swift */,
				EE99CA222C8084B10018F7CC /* Main.storyboard */,
				EE99CA272C8084B30018F7CC /* LaunchScreen.storyboard */,
				EE9424232CD9266600D0BD60 /* AlertPresenter.swift */,
				EE94242B2CD96EFC00D0BD60 /* TabBarController.swift */,
			);
			path = Presentation;
			sourceTree = "<group>";
		};
		EE99CA322C80B63F0018F7CC /* Models */ = {
			isa = PBXGroup;
			children = (
				EEA6E7D62C8DA83500EFD1C6 /* PhotoModel.swift */,
				EE6E3E642CDD4042006EC892 /* ProfileLinks.swift */,
				EE6E3E622CDD401A006EC892 /* UserResult.swift */,
				EEA5F38B2CBFC68B00793552 /* OAuthTokenResponseBody.swift */,
				EE6E3E5E2CDD38D3006EC892 /* AlertModel.swift */,
				EE6E3E602CDD3FF5006EC892 /* ProfileImage.swift */,
				EE6E3E662CDD4079006EC892 /* Profile.swift */,
				EE6E3E682CDD409B006EC892 /* ProfileResult.swift */,
				EE6E3E6A2CDD40CE006EC892 /* WebViewViewControllerDelegate.swift */,
				EE6E3E6C2CDD40EE006EC892 /* AuthViewControllerDelegate.swift */,
			);
			path = Models;
			sourceTree = "<group>";
		};
		EE99CA532C85CF5D0018F7CC /* Services */ = {
			isa = PBXGroup;
			children = (
				EE99CA542C85CF880018F7CC /* ImagesListCell.swift */,
				EEA5F3822CB7CBAB00793552 /* Constants.swift */,
				EEA5F38D2CBFD24000793552 /* StorageService.swift */,
				EE0DC64D2CD2B912002C182F /* UIBlockingProgressHUD.swift */,
				EE0DC64F2CD2BBC3002C182F /* ProfileService.swift */,
				EE0DC6512CD386A7002C182F /* ProfileImageService.swift */,
			);
			path = Services;
			sourceTree = "<group>";
		};
		EEA5F37D2CB574AB00793552 /* Auth */ = {
			isa = PBXGroup;
			children = (
				EEA5F37E2CB574C000793552 /* AuthViewController.swift */,
				EEA5F3802CB5755D00793552 /* WebViewViewController.swift */,
				EEA5F3862CBA90E500793552 /* OAuth2Service.swift */,
			);
			path = Auth;
			sourceTree = "<group>";
		};
		EEA5F3882CBFBE3400793552 /* Helpers */ = {
			isa = PBXGroup;
			children = (
				EEA5F3892CBFBE4800793552 /* URLSession+data.swift */,
			);
			path = Helpers;
			sourceTree = "<group>";
		};
/* End PBXGroup section */

/* Begin PBXNativeTarget section */
		EE99CA182C8084B10018F7CC /* ImageFeed */ = {
			isa = PBXNativeTarget;
			buildConfigurationList = EE99CA2D2C8084B30018F7CC /* Build configuration list for PBXNativeTarget "ImageFeed" */;
			buildPhases = (
				EE99CA152C8084B10018F7CC /* Sources */,
				EE99CA162C8084B10018F7CC /* Frameworks */,
				EE99CA172C8084B10018F7CC /* Resources */,
			);
			buildRules = (
			);
			dependencies = (
			);
			name = ImageFeed;
			packageProductDependencies = (
				EE0DC64B2CCADA58002C182F /* ProgressHUD */,
				EE9424262CD95CD200D0BD60 /* Kingfisher */,
				EE9424292CD96CEF00D0BD60 /* SwiftKeychainWrapper */,
			);
			productName = ImageFeed;
			productReference = EE99CA192C8084B10018F7CC /* ImageFeed.app */;
			productType = "com.apple.product-type.application";
		};
/* End PBXNativeTarget section */

/* Begin PBXProject section */
		EE99CA112C8084B10018F7CC /* Project object */ = {
			isa = PBXProject;
			attributes = {
				BuildIndependentTargetsInParallel = 1;
				LastSwiftUpdateCheck = 1540;
				LastUpgradeCheck = 1540;
				TargetAttributes = {
					EE99CA182C8084B10018F7CC = {
						CreatedOnToolsVersion = 15.4;
					};
				};
			};
			buildConfigurationList = EE99CA142C8084B10018F7CC /* Build configuration list for PBXProject "ImageFeed" */;
			compatibilityVersion = "Xcode 14.0";
			developmentRegion = en;
			hasScannedForEncodings = 0;
			knownRegions = (
				en,
				Base,
			);
			mainGroup = EE99CA102C8084B10018F7CC;
			packageReferences = (
				EE0DC64A2CCADA58002C182F /* XCRemoteSwiftPackageReference "ProgressHUD" */,
				EE9424252CD95CD200D0BD60 /* XCRemoteSwiftPackageReference "Kingfisher" */,
				EE9424282CD96CEF00D0BD60 /* XCRemoteSwiftPackageReference "SwiftKeychainWrapper" */,
			);
			productRefGroup = EE99CA1A2C8084B10018F7CC /* Products */;
			projectDirPath = "";
			projectRoot = "";
			targets = (
				EE99CA182C8084B10018F7CC /* ImageFeed */,
			);
		};
/* End PBXProject section */

/* Begin PBXResourcesBuildPhase section */
		EE99CA172C8084B10018F7CC /* Resources */ = {
			isa = PBXResourcesBuildPhase;
			buildActionMask = 2147483647;
			files = (
				EE99CA262C8084B30018F7CC /* Assets.xcassets in Resources */,
				EE99CA292C8084B30018F7CC /* Base in Resources */,
				EE99CA242C8084B10018F7CC /* Base in Resources */,
			);
			runOnlyForDeploymentPostprocessing = 0;
		};
/* End PBXResourcesBuildPhase section */

/* Begin PBXSourcesBuildPhase section */
		EE99CA152C8084B10018F7CC /* Sources */ = {
			isa = PBXSourcesBuildPhase;
			buildActionMask = 2147483647;
			files = (
				EE6E3E672CDD4079006EC892 /* Profile.swift in Sources */,
				EE2397F62C8DB184006FB3D6 /* ProfileViewController.swift in Sources */,
				EEA5F38A2CBFBE4800793552 /* URLSession+data.swift in Sources */,
				EEA5F3872CBA90E500793552 /* OAuth2Service.swift in Sources */,
				EE0DC64E2CD2B912002C182F /* UIBlockingProgressHUD.swift in Sources */,
				EE6E3E5F2CDD38D3006EC892 /* AlertModel.swift in Sources */,
				EEA6E7D72C8DA83600EFD1C6 /* PhotoModel.swift in Sources */,
				EE6E3E632CDD401A006EC892 /* UserResult.swift in Sources */,
				EE94242C2CD96EFC00D0BD60 /* TabBarController.swift in Sources */,
				EE6E3E6D2CDD40EE006EC892 /* AuthViewControllerDelegate.swift in Sources */,
				EE99CA212C8084B10018F7CC /* ImagesListViewController.swift in Sources */,
				EE2397F82C97671B006FB3D6 /* SingleImageViewController.swift in Sources */,
				EE6E3E612CDD3FF5006EC892 /* ProfileImage.swift in Sources */,
				EE0DC6502CD2BBC3002C182F /* ProfileService.swift in Sources */,
				EEA5F38E2CBFD24000793552 /* StorageService.swift in Sources */,
				EE6E3E652CDD4042006EC892 /* ProfileLinks.swift in Sources */,
				EEA5F37F2CB574C000793552 /* AuthViewController.swift in Sources */,
				EE6E3E6B2CDD40CE006EC892 /* WebViewViewControllerDelegate.swift in Sources */,
				EEA5F3832CB7CBAC00793552 /* Constants.swift in Sources */,
				EE99CA552C85CF880018F7CC /* ImagesListCell.swift in Sources */,
				EEA5F38C2CBFC68B00793552 /* OAuthTokenResponseBody.swift in Sources */,
				EE99CA1D2C8084B10018F7CC /* AppDelegate.swift in Sources */,
				EEA5F3812CB5755D00793552 /* WebViewViewController.swift in Sources */,
				EE9424242CD9266600D0BD60 /* AlertPresenter.swift in Sources */,
				EE0DC6522CD386A7002C182F /* ProfileImageService.swift in Sources */,
				EE6E3E692CDD409B006EC892 /* ProfileResult.swift in Sources */,
				EE99CA1F2C8084B10018F7CC /* SceneDelegate.swift in Sources */,
				EEA5F3902CC1027100793552 /* SplashViewController.swift in Sources */,
			);
			runOnlyForDeploymentPostprocessing = 0;
		};
/* End PBXSourcesBuildPhase section */

/* Begin PBXVariantGroup section */
		EE99CA222C8084B10018F7CC /* Main.storyboard */ = {
			isa = PBXVariantGroup;
			children = (
				EE99CA232C8084B10018F7CC /* Base */,
			);
			name = Main.storyboard;
			sourceTree = "<group>";
		};
		EE99CA272C8084B30018F7CC /* LaunchScreen.storyboard */ = {
			isa = PBXVariantGroup;
			children = (
				EE99CA282C8084B30018F7CC /* Base */,
			);
			name = LaunchScreen.storyboard;
			sourceTree = "<group>";
		};
/* End PBXVariantGroup section */

/* Begin XCBuildConfiguration section */
		EE99CA2B2C8084B30018F7CC /* Debug */ = {
			isa = XCBuildConfiguration;
			buildSettings = {
				ALWAYS_SEARCH_USER_PATHS = NO;
				ASSETCATALOG_COMPILER_GENERATE_SWIFT_ASSET_SYMBOL_EXTENSIONS = YES;
				CLANG_ANALYZER_NONNULL = YES;
				CLANG_ANALYZER_NUMBER_OBJECT_CONVERSION = YES_AGGRESSIVE;
				CLANG_CXX_LANGUAGE_STANDARD = "gnu++20";
				CLANG_ENABLE_MODULES = YES;
				CLANG_ENABLE_OBJC_ARC = YES;
				CLANG_ENABLE_OBJC_WEAK = YES;
				CLANG_WARN_BLOCK_CAPTURE_AUTORELEASING = YES;
				CLANG_WARN_BOOL_CONVERSION = YES;
				CLANG_WARN_COMMA = YES;
				CLANG_WARN_CONSTANT_CONVERSION = YES;
				CLANG_WARN_DEPRECATED_OBJC_IMPLEMENTATIONS = YES;
				CLANG_WARN_DIRECT_OBJC_ISA_USAGE = YES_ERROR;
				CLANG_WARN_DOCUMENTATION_COMMENTS = YES;
				CLANG_WARN_EMPTY_BODY = YES;
				CLANG_WARN_ENUM_CONVERSION = YES;
				CLANG_WARN_INFINITE_RECURSION = YES;
				CLANG_WARN_INT_CONVERSION = YES;
				CLANG_WARN_NON_LITERAL_NULL_CONVERSION = YES;
				CLANG_WARN_OBJC_IMPLICIT_RETAIN_SELF = YES;
				CLANG_WARN_OBJC_LITERAL_CONVERSION = YES;
				CLANG_WARN_OBJC_ROOT_CLASS = YES_ERROR;
				CLANG_WARN_QUOTED_INCLUDE_IN_FRAMEWORK_HEADER = YES;
				CLANG_WARN_RANGE_LOOP_ANALYSIS = YES;
				CLANG_WARN_STRICT_PROTOTYPES = YES;
				CLANG_WARN_SUSPICIOUS_MOVE = YES;
				CLANG_WARN_UNGUARDED_AVAILABILITY = YES_AGGRESSIVE;
				CLANG_WARN_UNREACHABLE_CODE = YES;
				CLANG_WARN__DUPLICATE_METHOD_MATCH = YES;
				COPY_PHASE_STRIP = NO;
				DEBUG_INFORMATION_FORMAT = dwarf;
				ENABLE_STRICT_OBJC_MSGSEND = YES;
				ENABLE_TESTABILITY = YES;
				ENABLE_USER_SCRIPT_SANDBOXING = YES;
				GCC_C_LANGUAGE_STANDARD = gnu17;
				GCC_DYNAMIC_NO_PIC = NO;
				GCC_NO_COMMON_BLOCKS = YES;
				GCC_OPTIMIZATION_LEVEL = 0;
				GCC_PREPROCESSOR_DEFINITIONS = (
					"DEBUG=1",
					"$(inherited)",
				);
				GCC_WARN_64_TO_32_BIT_CONVERSION = YES;
				GCC_WARN_ABOUT_RETURN_TYPE = YES_ERROR;
				GCC_WARN_UNDECLARED_SELECTOR = YES;
				GCC_WARN_UNINITIALIZED_AUTOS = YES_AGGRESSIVE;
				GCC_WARN_UNUSED_FUNCTION = YES;
				GCC_WARN_UNUSED_VARIABLE = YES;
				IPHONEOS_DEPLOYMENT_TARGET = 17.5;
				LOCALIZATION_PREFERS_STRING_CATALOGS = YES;
				MTL_ENABLE_DEBUG_INFO = INCLUDE_SOURCE;
				MTL_FAST_MATH = YES;
				ONLY_ACTIVE_ARCH = YES;
				SDKROOT = iphoneos;
				SWIFT_ACTIVE_COMPILATION_CONDITIONS = "DEBUG $(inherited)";
				SWIFT_OPTIMIZATION_LEVEL = "-Onone";
			};
			name = Debug;
		};
		EE99CA2C2C8084B30018F7CC /* Release */ = {
			isa = XCBuildConfiguration;
			buildSettings = {
				ALWAYS_SEARCH_USER_PATHS = NO;
				ASSETCATALOG_COMPILER_GENERATE_SWIFT_ASSET_SYMBOL_EXTENSIONS = YES;
				CLANG_ANALYZER_NONNULL = YES;
				CLANG_ANALYZER_NUMBER_OBJECT_CONVERSION = YES_AGGRESSIVE;
				CLANG_CXX_LANGUAGE_STANDARD = "gnu++20";
				CLANG_ENABLE_MODULES = YES;
				CLANG_ENABLE_OBJC_ARC = YES;
				CLANG_ENABLE_OBJC_WEAK = YES;
				CLANG_WARN_BLOCK_CAPTURE_AUTORELEASING = YES;
				CLANG_WARN_BOOL_CONVERSION = YES;
				CLANG_WARN_COMMA = YES;
				CLANG_WARN_CONSTANT_CONVERSION = YES;
				CLANG_WARN_DEPRECATED_OBJC_IMPLEMENTATIONS = YES;
				CLANG_WARN_DIRECT_OBJC_ISA_USAGE = YES_ERROR;
				CLANG_WARN_DOCUMENTATION_COMMENTS = YES;
				CLANG_WARN_EMPTY_BODY = YES;
				CLANG_WARN_ENUM_CONVERSION = YES;
				CLANG_WARN_INFINITE_RECURSION = YES;
				CLANG_WARN_INT_CONVERSION = YES;
				CLANG_WARN_NON_LITERAL_NULL_CONVERSION = YES;
				CLANG_WARN_OBJC_IMPLICIT_RETAIN_SELF = YES;
				CLANG_WARN_OBJC_LITERAL_CONVERSION = YES;
				CLANG_WARN_OBJC_ROOT_CLASS = YES_ERROR;
				CLANG_WARN_QUOTED_INCLUDE_IN_FRAMEWORK_HEADER = YES;
				CLANG_WARN_RANGE_LOOP_ANALYSIS = YES;
				CLANG_WARN_STRICT_PROTOTYPES = YES;
				CLANG_WARN_SUSPICIOUS_MOVE = YES;
				CLANG_WARN_UNGUARDED_AVAILABILITY = YES_AGGRESSIVE;
				CLANG_WARN_UNREACHABLE_CODE = YES;
				CLANG_WARN__DUPLICATE_METHOD_MATCH = YES;
				COPY_PHASE_STRIP = NO;
				DEBUG_INFORMATION_FORMAT = "dwarf-with-dsym";
				ENABLE_NS_ASSERTIONS = NO;
				ENABLE_STRICT_OBJC_MSGSEND = YES;
				ENABLE_USER_SCRIPT_SANDBOXING = YES;
				GCC_C_LANGUAGE_STANDARD = gnu17;
				GCC_NO_COMMON_BLOCKS = YES;
				GCC_WARN_64_TO_32_BIT_CONVERSION = YES;
				GCC_WARN_ABOUT_RETURN_TYPE = YES_ERROR;
				GCC_WARN_UNDECLARED_SELECTOR = YES;
				GCC_WARN_UNINITIALIZED_AUTOS = YES_AGGRESSIVE;
				GCC_WARN_UNUSED_FUNCTION = YES;
				GCC_WARN_UNUSED_VARIABLE = YES;
				IPHONEOS_DEPLOYMENT_TARGET = 17.5;
				LOCALIZATION_PREFERS_STRING_CATALOGS = YES;
				MTL_ENABLE_DEBUG_INFO = NO;
				MTL_FAST_MATH = YES;
				SDKROOT = iphoneos;
				SWIFT_COMPILATION_MODE = wholemodule;
				VALIDATE_PRODUCT = YES;
			};
			name = Release;
		};
		EE99CA2E2C8084B30018F7CC /* Debug */ = {
			isa = XCBuildConfiguration;
			buildSettings = {
				ASSETCATALOG_COMPILER_APPICON_NAME = AppIcon;
				ASSETCATALOG_COMPILER_GLOBAL_ACCENT_COLOR_NAME = AccentColor;
				CODE_SIGN_STYLE = Automatic;
				CURRENT_PROJECT_VERSION = 1;
				DEVELOPMENT_TEAM = PCBJP62AP2;
				GENERATE_INFOPLIST_FILE = YES;
				INFOPLIST_FILE = ImageFeed/Resources/Info.plist;
				INFOPLIST_KEY_LSApplicationCategoryType = "public.app-category.photography";
				INFOPLIST_KEY_UIApplicationSupportsIndirectInputEvents = YES;
				INFOPLIST_KEY_UILaunchStoryboardName = LaunchScreen;
				INFOPLIST_KEY_UIMainStoryboardFile = Main;
				INFOPLIST_KEY_UISupportedInterfaceOrientations = UIInterfaceOrientationPortrait;
				INFOPLIST_KEY_UISupportedInterfaceOrientations_iPad = "UIInterfaceOrientationLandscapeLeft UIInterfaceOrientationLandscapeRight UIInterfaceOrientationPortrait UIInterfaceOrientationPortraitUpsideDown";
				IPHONEOS_DEPLOYMENT_TARGET = 13.0;
				LD_RUNPATH_SEARCH_PATHS = (
					"$(inherited)",
					"@executable_path/Frameworks",
				);
				MARKETING_VERSION = 1.0;
				PRODUCT_BUNDLE_IDENTIFIER = ru.gordienko.ImageFeed;
				PRODUCT_NAME = "$(TARGET_NAME)";
				SUPPORTED_PLATFORMS = "iphoneos iphonesimulator";
				SUPPORTS_MACCATALYST = NO;
				SUPPORTS_MAC_DESIGNED_FOR_IPHONE_IPAD = NO;
				SUPPORTS_XR_DESIGNED_FOR_IPHONE_IPAD = NO;
				SWIFT_EMIT_LOC_STRINGS = YES;
				SWIFT_VERSION = 5.0;
				TARGETED_DEVICE_FAMILY = 1;
			};
			name = Debug;
		};
		EE99CA2F2C8084B30018F7CC /* Release */ = {
			isa = XCBuildConfiguration;
			buildSettings = {
				ASSETCATALOG_COMPILER_APPICON_NAME = AppIcon;
				ASSETCATALOG_COMPILER_GLOBAL_ACCENT_COLOR_NAME = AccentColor;
				CODE_SIGN_STYLE = Automatic;
				CURRENT_PROJECT_VERSION = 1;
				DEVELOPMENT_TEAM = PCBJP62AP2;
				GENERATE_INFOPLIST_FILE = YES;
				INFOPLIST_FILE = ImageFeed/Resources/Info.plist;
				INFOPLIST_KEY_LSApplicationCategoryType = "public.app-category.photography";
				INFOPLIST_KEY_UIApplicationSupportsIndirectInputEvents = YES;
				INFOPLIST_KEY_UILaunchStoryboardName = LaunchScreen;
				INFOPLIST_KEY_UIMainStoryboardFile = Main;
				INFOPLIST_KEY_UISupportedInterfaceOrientations = UIInterfaceOrientationPortrait;
				INFOPLIST_KEY_UISupportedInterfaceOrientations_iPad = "UIInterfaceOrientationLandscapeLeft UIInterfaceOrientationLandscapeRight UIInterfaceOrientationPortrait UIInterfaceOrientationPortraitUpsideDown";
				IPHONEOS_DEPLOYMENT_TARGET = 13.0;
				LD_RUNPATH_SEARCH_PATHS = (
					"$(inherited)",
					"@executable_path/Frameworks",
				);
				MARKETING_VERSION = 1.0;
				PRODUCT_BUNDLE_IDENTIFIER = ru.gordienko.ImageFeed;
				PRODUCT_NAME = "$(TARGET_NAME)";
				SUPPORTED_PLATFORMS = "iphoneos iphonesimulator";
				SUPPORTS_MACCATALYST = NO;
				SUPPORTS_MAC_DESIGNED_FOR_IPHONE_IPAD = NO;
				SUPPORTS_XR_DESIGNED_FOR_IPHONE_IPAD = NO;
				SWIFT_EMIT_LOC_STRINGS = YES;
				SWIFT_VERSION = 5.0;
				TARGETED_DEVICE_FAMILY = 1;
			};
			name = Release;
		};
/* End XCBuildConfiguration section */

/* Begin XCConfigurationList section */
		EE99CA142C8084B10018F7CC /* Build configuration list for PBXProject "ImageFeed" */ = {
			isa = XCConfigurationList;
			buildConfigurations = (
				EE99CA2B2C8084B30018F7CC /* Debug */,
				EE99CA2C2C8084B30018F7CC /* Release */,
			);
			defaultConfigurationIsVisible = 0;
			defaultConfigurationName = Release;
		};
		EE99CA2D2C8084B30018F7CC /* Build configuration list for PBXNativeTarget "ImageFeed" */ = {
			isa = XCConfigurationList;
			buildConfigurations = (
				EE99CA2E2C8084B30018F7CC /* Debug */,
				EE99CA2F2C8084B30018F7CC /* Release */,
			);
			defaultConfigurationIsVisible = 0;
			defaultConfigurationName = Release;
		};
/* End XCConfigurationList section */

/* Begin XCRemoteSwiftPackageReference section */
		EE0DC64A2CCADA58002C182F /* XCRemoteSwiftPackageReference "ProgressHUD" */ = {
			isa = XCRemoteSwiftPackageReference;
			repositoryURL = "https://github.com/relatedcode/ProgressHUD";
			requirement = {
				kind = upToNextMajorVersion;
				minimumVersion = 14.1.3;
			};
		};
		EE9424252CD95CD200D0BD60 /* XCRemoteSwiftPackageReference "Kingfisher" */ = {
			isa = XCRemoteSwiftPackageReference;
			repositoryURL = "https://github.com/onevcat/Kingfisher.git";
			requirement = {
				kind = upToNextMajorVersion;
				minimumVersion = 8.1.0;
			};
		};
		EE9424282CD96CEF00D0BD60 /* XCRemoteSwiftPackageReference "SwiftKeychainWrapper" */ = {
			isa = XCRemoteSwiftPackageReference;
			repositoryURL = "https://github.com/jrendel/SwiftKeychainWrapper";
			requirement = {
				kind = upToNextMajorVersion;
				minimumVersion = 4.0.1;
			};
		};
/* End XCRemoteSwiftPackageReference section */

/* Begin XCSwiftPackageProductDependency section */
		EE0DC64B2CCADA58002C182F /* ProgressHUD */ = {
			isa = XCSwiftPackageProductDependency;
			package = EE0DC64A2CCADA58002C182F /* XCRemoteSwiftPackageReference "ProgressHUD" */;
			productName = ProgressHUD;
		};
		EE9424262CD95CD200D0BD60 /* Kingfisher */ = {
			isa = XCSwiftPackageProductDependency;
			package = EE9424252CD95CD200D0BD60 /* XCRemoteSwiftPackageReference "Kingfisher" */;
			productName = Kingfisher;
		};
		EE9424292CD96CEF00D0BD60 /* SwiftKeychainWrapper */ = {
			isa = XCSwiftPackageProductDependency;
			package = EE9424282CD96CEF00D0BD60 /* XCRemoteSwiftPackageReference "SwiftKeychainWrapper" */;
			productName = SwiftKeychainWrapper;
		};
/* End XCSwiftPackageProductDependency section */
	};
	rootObject = EE99CA112C8084B10018F7CC /* Project object */;
}
